lockfileVersion: '6.0'

importers:
  .:
    dependencies: {}
    devDependencies: {}

  extension:
    dependencies: {}
    devDependencies: {}

  proxy:
    dependencies: {}
    devDependencies: {}

  webapp:
    dependencies:
      '@types/node': 18.x.x
      '@types/react': 18.x.x
      '@types/react-dom': 18.x.x
      react: 18.x.x
      react-dom: 18.x.x
      lucide-react: ^0.x.x
    devDependencies:
      typescript: ^5.0.0
      vite: ^4.0.0

packages:
  /react-dom/18.2.0:
    resolution: {integrity: sha512-6IMTriUmvsjHUjNtEDudZfuDQUoWXVxKHhlEGSk81n4YFS+r/Kl99wXiwlVXtPBtJenozv2P+hxDsw9eA7Xo6g==}
    peerDependencies:
      react: ^18.2.0
    dependencies:
      loose-envify: ^1.1.0
      scheduler: ^0.23.0

  /react/18.2.0:
    resolution: {integrity: sha512-/3IjMdb2L9QbBdWiW5e3P2/npwMBaU9mHCSCUzNln0ZCYbcfTsGbTJrU/kGemdH2IWmB2ioZ+zkxtmq6g09fGQ==}
    dependencies:
      loose-envify: ^1.1.0

  /scheduler/0.23.0:
    resolution: {integrity: sha512-CtuThmgHNg7zIZWAXi3AsyIzA3n4xx7aNyjwC2VJldO2LMVDhFK+63xGqq6CsJH4rTAt6/M+N4GhZiDYPx9eUw==}
    dependencies:
      loose-envify: ^1.1.0

  /loose-envify/1.4.0:
    resolution: {integrity: sha512-lyuxPGr/Wfhrlem2CL/UcnUc1zcqKAImBDzukY7Y5F/yQiNdko6+fRLevlw1HgMySw7f611UIY408EtxRSoK3Q==}
    hasBin: true
    dependencies:
      js-tokens: ^3.0.0 || ^4.0.0

  /js-tokens/4.0.0:
    resolution: {integrity: sha512-RdJUflcE3cUzKiMqQgsCu06FPu9UdIJO0beYbPhHN4k6apgJtifcoCtT9bcxOpYBtpD2icNLgpF9tWZkiVWlBA==}

  /vite/4.4.9:
    resolution: {integrity: sha512-2mbUn2LlUmNASWwSCNSJ/EG2HuSRTnVNaydp6vMCm5VIqJsjMfbIWtbH2kDuwUVW5mMUKKZvGPX/rqeqVvv1XA==}
    engines: {node: ^14.18.0 || >=16.0.0}
    hasBin: true
    dependencies:
      esbuild: ^0.18.10
      postcss: ^8.4.27
      rollup: ^3.27.1
    optionalDependencies:
      fsevents: ~2.3.2

  /typescript/5.1.6:
    resolution: {integrity: sha512-zaWCozRZ6DLEWAWFrVDz1H6FVXzUSfTy5FUMWsQlU8Ym5JP9eO4xkTIROFCQV5HWtkn7O2pMW3TX1/jbhPytHA==}
    engines: {node: '>=14.17'}
    hasBin: true